// !$*UTF8*$!
{
	archiveVersion = 1;
	classes = {
	};
	objectVersion = 46;
	objects = {

/* Begin PBXBuildFile section */
		40BDAB5D1ED58E17001723F0 /* AppDelegate.swift in Sources */ = {isa = PBXBuildFile; fileRef = 40BDAB5C1ED58E17001723F0 /* AppDelegate.swift */; };
		40BDAB5F1ED58E17001723F0 /* ViewController.swift in Sources */ = {isa = PBXBuildFile; fileRef = 40BDAB5E1ED58E17001723F0 /* ViewController.swift */; };
		40BDAB621ED58E17001723F0 /* Main.storyboard in Resources */ = {isa = PBXBuildFile; fileRef = 40BDAB601ED58E17001723F0 /* Main.storyboard */; };
		40BDAB651ED58E17001723F0 /* iOSBookTheHotelRoomApp.xcdatamodeld in Sources */ = {isa = PBXBuildFile; fileRef = 40BDAB631ED58E17001723F0 /* iOSBookTheHotelRoomApp.xcdatamodeld */; };
		40BDAB671ED58E17001723F0 /* Assets.xcassets in Resources */ = {isa = PBXBuildFile; fileRef = 40BDAB661ED58E17001723F0 /* Assets.xcassets */; };
		40BDAB6A1ED58E17001723F0 /* LaunchScreen.storyboard in Resources */ = {isa = PBXBuildFile; fileRef = 40BDAB681ED58E17001723F0 /* LaunchScreen.storyboard */; };
/* End PBXBuildFile section */

/* Begin PBXFileReference section */
		40BDAB591ED58E17001723F0 /* iOSBookTheHotelRoomApp.app */ = {isa = PBXFileReference; explicitFileType = wrapper.application; includeInIndex = 0; path = iOSBookTheHotelRoomApp.app; sourceTree = BUILT_PRODUCTS_DIR; };
		40BDAB5C1ED58E17001723F0 /* AppDelegate.swift */ = {isa = PBXFileReference; lastKnownFileType = sourcecode.swift; path = AppDelegate.swift; sourceTree = "<group>"; };
		40BDAB5E1ED58E17001723F0 /* ViewController.swift */ = {isa = PBXFileReference; lastKnownFileType = sourcecode.swift; path = ViewController.swift; sourceTree = "<group>"; };
		40BDAB611ED58E17001723F0 /* Base */ = {isa = PBXFileReference; lastKnownFileType = file.storyboard; name = Base; path = Base.lproj/Main.storyboard; sourceTree = "<group>"; };
		40BDAB641ED58E17001723F0 /* iOSBookTheHotelRoomApp.xcdatamodel */ = {isa = PBXFileReference; lastKnownFileType = wrapper.xcdatamodel; path = iOSBookTheHotelRoomApp.xcdatamodel; sourceTree = "<group>"; };
		40BDAB661ED58E17001723F0 /* Assets.xcassets */ = {isa = PBXFileReference; lastKnownFileType = folder.assetcatalog; path = Assets.xcassets; sourceTree = "<group>"; };
		40BDAB691ED58E17001723F0 /* Base */ = {isa = PBXFileReference; lastKnownFileType = file.storyboard; name = Base; path = Base.lproj/LaunchScreen.storyboard; sourceTree = "<group>"; };
		40BDAB6B1ED58E17001723F0 /* Info.plist */ = {isa = PBXFileReference; lastKnownFileType = text.plist.xml; path = Info.plist; sourceTree = "<group>"; };
/* End PBXFileReference section */

/* Begin PBXFrameworksBuildPhase section */
		40BDAB561ED58E17001723F0 /* Frameworks */ = {
			isa = PBXFrameworksBuildPhase;
			buildActionMask = 2147483647;
			files = (
			);
			runOnlyForDeploymentPostprocessing = 0;
		};
/* End PBXFrameworksBuildPhase section */

/* Begin PBXGroup section */
		40BDAB501ED58E17001723F0 = {
			isa = PBXGroup;
			children = (
				40BDAB5B1ED58E17001723F0 /* iOSBookTheHotelRoomApp */,
				40BDAB5A1ED58E17001723F0 /* Products */,
			);
			sourceTree = "<group>";
		};
		40BDAB5A1ED58E17001723F0 /* Products */ = {
			isa = PBXGroup;
			children = (
				40BDAB591ED58E17001723F0 /* iOSBookTheHotelRoomApp.app */,
			);
			name = Products;
			sourceTree = "<group>";
		};
		40BDAB5B1ED58E17001723F0 /* iOSBookTheHotelRoomApp */ = {
			isa = PBXGroup;
			children = (
				40BDAB5C1ED58E17001723F0 /* AppDelegate.swift */,
				40BDAB5E1ED58E17001723F0 /* ViewController.swift */,
				40BDAB601ED58E17001723F0 /* Main.storyboard */,
				40BDAB661ED58E17001723F0 /* Assets.xcassets */,
				40BDAB681ED58E17001723F0 /* LaunchScreen.storyboard */,
				40BDAB6B1ED58E17001723F0 /* Info.plist */,
				40BDAB631ED58E17001723F0 /* iOSBookTheHotelRoomApp.xcdatamodeld */,
			);
			path = iOSBookTheHotelRoomApp;
			sourceTree = "<group>";
		};
/* End PBXGroup section */

/* Begin PBXNativeTarget section */
		40BDAB581ED58E17001723F0 /* iOSBookTheHotelRoomApp */ = {
			isa = PBXNativeTarget;
			buildConfigurationList = 40BDAB6E1ED58E17001723F0 /* Build configuration list for PBXNativeTarget "iOSBookTheHotelRoomApp" */;
			buildPhases = (
				40BDAB551ED58E17001723F0 /* Sources */,
				40BDAB561ED58E17001723F0 /* Frameworks */,
				40BDAB571ED58E17001723F0 /* Resources */,
			);
			buildRules = (
			);
			dependencies = (
			);
			name = iOSBookTheHotelRoomApp;
			productName = iOSBookTheHotelRoomApp;
			productReference = 40BDAB591ED58E17001723F0 /* iOSBookTheHotelRoomApp.app */;
			productType = "com.apple.product-type.application";
		};
/* End PBXNativeTarget section */

/* Begin PBXProject section */
		40BDAB511ED58E17001723F0 /* Project object */ = {
			isa = PBXProject;
			attributes = {
				LastSwiftUpdateCheck = 0830;
				LastUpgradeCheck = 0830;
				ORGANIZATIONNAME = Paulina;
				TargetAttributes = {
					40BDAB581ED58E17001723F0 = {
						CreatedOnToolsVersion = 8.3.2;
						ProvisioningStyle = Automatic;
					};
				};
			};
			buildConfigurationList = 40BDAB541ED58E17001723F0 /* Build configuration list for PBXProject "iOSBookTheHotelRoomApp" */;
			compatibilityVersion = "Xcode 3.2";
			developmentRegion = English;
			hasScannedForEncodings = 0;
			knownRegions = (
				en,
				Base,
			);
			mainGroup = 40BDAB501ED58E17001723F0;
			productRefGroup = 40BDAB5A1ED58E17001723F0 /* Products */;
			projectDirPath = "";
			projectRoot = "";
			targets = (
				40BDAB581ED58E17001723F0 /* iOSBookTheHotelRoomApp */,
			);
		};
/* End PBXProject section */

/* Begin PBXResourcesBuildPhase section */
		40BDAB571ED58E17001723F0 /* Resources */ = {
			isa = PBXResourcesBuildPhase;
			buildActionMask = 2147483647;
			files = (
				40BDAB6A1ED58E17001723F0 /* LaunchScreen.storyboard in Resources */,
				40BDAB671ED58E17001723F0 /* Assets.xcassets in Resources */,
				40BDAB621ED58E17001723F0 /* Main.storyboard in Resources */,
			);
			runOnlyForDeploymentPostprocessing = 0;
		};
/* End PBXResourcesBuildPhase section */

/* Begin PBXSourcesBuildPhase section */
		40BDAB551ED58E17001723F0 /* Sources */ = {
			isa = PBXSourcesBuildPhase;
			buildActionMask = 2147483647;
			files = (
				40BDAB5F1ED58E17001723F0 /* ViewController.swift in Sources */,
				40BDAB651ED58E17001723F0 /* iOSBookTheHotelRoomApp.xcdatamodeld in Sources */,
				40BDAB5D1ED58E17001723F0 /* AppDelegate.swift in Sources */,
			);
			runOnlyForDeploymentPostprocessing = 0;
		};
/* End PBXSourcesBuildPhase section */

/* Begin PBXVariantGroup section */
		40BDAB601ED58E17001723F0 /* Main.storyboard */ = {
			isa = PBXVariantGroup;
			children = (
				40BDAB611ED58E17001723F0 /* Base */,
			);
			name = Main.storyboard;
			sourceTree = "<group>";
		};
		40BDAB681ED58E17001723F0 /* LaunchScreen.storyboard */ = {
			isa = PBXVariantGroup;
			children = (
				40BDAB691ED58E17001723F0 /* Base */,
			);
			name = LaunchScreen.storyboard;
			sourceTree = "<group>";
		};
/* End PBXVariantGroup section */

/* Begin XCBuildConfiguration section */
		40BDAB6C1ED58E17001723F0 /* Debug */ = {
			isa = XCBuildConfiguration;
			buildSettings = {
				ALWAYS_SEARCH_USER_PATHS = NO;
				CLANG_ANALYZER_NONNULL = YES;
				CLANG_ANALYZER_NUMBER_OBJECT_CONVERSION = YES_AGGRESSIVE;
				CLANG_CXX_LANGUAGE_STANDARD = "gnu++0x";
				CLANG_CXX_LIBRARY = "libc++";
				CLANG_ENABLE_MODULES = YES;
				CLANG_ENABLE_OBJC_ARC = YES;
				CLANG_WARN_BOOL_CONVERSION = YES;
				CLANG_WARN_CONSTANT_CONVERSION = YES;
				CLANG_WARN_DIRECT_OBJC_ISA_USAGE = YES_ERROR;
				CLANG_WARN_DOCUMENTATION_COMMENTS = YES;
				CLANG_WARN_EMPTY_BODY = YES;
				CLANG_WARN_ENUM_CONVERSION = YES;
				CLANG_WARN_INFINITE_RECURSION = YES;
				CLANG_WARN_INT_CONVERSION = YES;
				CLANG_WARN_OBJC_ROOT_CLASS = YES_ERROR;
				CLANG_WARN_SUSPICIOUS_MOVE = YES;
				CLANG_WARN_UNREACHABLE_CODE = YES;
				CLANG_WARN__DUPLICATE_METHOD_MATCH = YES;
				"CODE_SIGN_IDENTITY[sdk=iphoneos*]" = "iPhone Developer";
				COPY_PHASE_STRIP = NO;
				DEBUG_INFORMATION_FORMAT = dwarf;
				ENABLE_STRICT_OBJC_MSGSEND = YES;
				ENABLE_TESTABILITY = YES;
				GCC_C_LANGUAGE_STANDARD = gnu99;
				GCC_DYNAMIC_NO_PIC = NO;
				GCC_NO_COMMON_BLOCKS = YES;
				GCC_OPTIMIZATION_LEVEL = 0;
				GCC_PREPROCESSOR_DEFINITIONS = (
					"DEBUG=1",
					"$(inherited)",
				);
				GCC_WARN_64_TO_32_BIT_CONVERSION = YES;
				GCC_WARN_ABOUT_RETURN_TYPE = YES_ERROR;
				GCC_WARN_UNDECLARED_SELECTOR = YES;
				GCC_WARN_UNINITIALIZED_AUTOS = YES_AGGRESSIVE;
				GCC_WARN_UNUSED_FUNCTION = YES;
				GCC_WARN_UNUSED_VARIABLE = YES;
				IPHONEOS_DEPLOYMENT_TARGET = 10.3;
				MTL_ENABLE_DEBUG_INFO = YES;
				ONLY_ACTIVE_ARCH = YES;
				SDKROOT = iphoneos;
				SWIFT_ACTIVE_COMPILATION_CONDITIONS = DEBUG;
				SWIFT_OPTIMIZATION_LEVEL = "-Onone";
				TARGETED_DEVICE_FAMILY = "1,2";
			};
			name = Debug;
		};
		40BDAB6D1ED58E17001723F0 /* Release */ = {
			isa = XCBuildConfiguration;
			buildSettings = {
				ALWAYS_SEARCH_USER_PATHS = NO;
				CLANG_ANALYZER_NONNULL = YES;
				CLANG_ANALYZER_NUMBER_OBJECT_CONVERSION = YES_AGGRESSIVE;
				CLANG_CXX_LANGUAGE_STANDARD = "gnu++0x";
				CLANG_CXX_LIBRARY = "libc++";
				CLANG_ENABLE_MODULES = YES;
				CLANG_ENABLE_OBJC_ARC = YES;
				CLANG_WARN_BOOL_CONVERSION = YES;
				CLANG_WARN_CONSTANT_CONVERSION = YES;
				CLANG_WARN_DIRECT_OBJC_ISA_USAGE = YES_ERROR;
				CLANG_WARN_DOCUMENTATION_COMMENTS = YES;
				CLANG_WARN_EMPTY_BODY = YES;
				CLANG_WARN_ENUM_CONVERSION = YES;
				CLANG_WARN_INFINITE_RECURSION = YES;
				CLANG_WARN_INT_CONVERSION = YES;
				CLANG_WARN_OBJC_ROOT_CLASS = YES_ERROR;
				CLANG_WARN_SUSPICIOUS_MOVE = YES;
				CLANG_WARN_UNREACHABLE_CODE = YES;
				CLANG_WARN__DUPLICATE_METHOD_MATCH = YES;
				"CODE_SIGN_IDENTITY[sdk=iphoneos*]" = "iPhone Developer";
				COPY_PHASE_STRIP = NO;
				DEBUG_INFORMATION_FORMAT = "dwarf-with-dsym";
				ENABLE_NS_ASSERTIONS = NO;
				ENABLE_STRICT_OBJC_MSGSEND = YES;
				GCC_C_LANGUAGE_STANDARD = gnu99;
				GCC_NO_COMMON_BLOCKS = YES;
				GCC_WARN_64_TO_32_BIT_CONVERSION = YES;
				GCC_WARN_ABOUT_RETURN_TYPE = YES_ERROR;
				GCC_WARN_UNDECLARED_SELECTOR = YES;
				GCC_WARN_UNINITIALIZED_AUTOS = YES_AGGRESSIVE;
				GCC_WARN_UNUSED_FUNCTION = YES;
				GCC_WARN_UNUSED_VARIABLE = YES;
				IPHONEOS_DEPLOYMENT_TARGET = 10.3;
				MTL_ENABLE_DEBUG_INFO = NO;
				SDKROOT = iphoneos;
				SWIFT_OPTIMIZATION_LEVEL = "-Owholemodule";
				TARGETED_DEVICE_FAMILY = "1,2";
				VALIDATE_PRODUCT = YES;
			};
			name = Release;
		};
		40BDAB6F1ED58E17001723F0 /* Debug */ = {
			isa = XCBuildConfiguration;
			buildSettings = {
				ASSETCATALOG_COMPILER_APPICON_NAME = AppIcon;
				INFOPLIST_FILE = iOSBookTheHotelRoomApp/Info.plist;
				LD_RUNPATH_SEARCH_PATHS = "$(inherited) @executable_path/Frameworks";
				PRODUCT_BUNDLE_IDENTIFIER = com.paulinamela.iOSBookTheHotelRoomApp;
				PRODUCT_NAME = "$(TARGET_NAME)";
				SWIFT_VERSION = 3.0;
			};
			name = Debug;
		};
		40BDAB701ED58E17001723F0 /* Release */ = {
			isa = XCBuildConfiguration;
			buildSettings = {
				ASSETCATALOG_COMPILER_APPICON_NAME = AppIcon;
				INFOPLIST_FILE = iOSBookTheHotelRoomApp/Info.plist;
				LD_RUNPATH_SEARCH_PATHS = "$(inherited) @executable_path/Frameworks";
				PRODUCT_BUNDLE_IDENTIFIER = com.paulinamela.iOSBookTheHotelRoomApp;
				PRODUCT_NAME = "$(TARGET_NAME)";
				SWIFT_VERSION = 3.0;
			};
			name = Release;
		};
/* End XCBuildConfiguration section */

/* Begin XCConfigurationList section */
		40BDAB541ED58E17001723F0 /* Build configuration list for PBXProject "iOSBookTheHotelRoomApp" */ = {
			isa = XCConfigurationList;
			buildConfigurations = (
				40BDAB6C1ED58E17001723F0 /* Debug */,
				40BDAB6D1ED58E17001723F0 /* Release */,
			);
			defaultConfigurationIsVisible = 0;
			defaultConfigurationName = Release;
		};
		40BDAB6E1ED58E17001723F0 /* Build configuration list for PBXNativeTarget "iOSBookTheHotelRoomApp" */ = {
			isa = XCConfigurationList;
			buildConfigurations = (
				40BDAB6F1ED58E17001723F0 /* Debug */,
				40BDAB701ED58E17001723F0 /* Release */,
			);
			defaultConfigurationIsVisible = 0;
		};
/* End XCConfigurationList section */

/* Begin XCVersionGroup section */
		40BDAB631ED58E17001723F0 /* iOSBookTheHotelRoomApp.xcdatamodeld */ = {
			isa = XCVersionGroup;
			children = (
				40BDAB641ED58E17001723F0 /* iOSBookTheHotelRoomApp.xcdatamodel */,
			);
			currentVersion = 40BDAB641ED58E17001723F0 /* iOSBookTheHotelRoomApp.xcdatamodel */;
			path = iOSBookTheHotelRoomApp.xcdatamodeld;
			sourceTree = "<group>";
			versionGroupType = wrapper.xcdatamodel;
		};
/* End XCVersionGroup section */
	};
	rootObject = 40BDAB511ED58E17001723F0 /* Project object */;
}
